
Microsoft Visual Studio Solution File, Format Version 12.00
# Visual Studio Version 17
VisualStudioVersion = 17.4.33213.308
MinimumVisualStudioVersion = 10.0.40219.1
Project("{FAE04EC0-301F-11D3-BF4B-00C04F79EFBC}") = "wordle11", "wordle11.csproj", "{F869612F-0345-4E9C-8F60-AEE13EECE4BF}"
EndProject
Global
	GlobalSection(SolutionConfigurationPlatforms) = preSolution
		Debug|Any CPU = Debug|Any CPU
		Release|Any CPU = Release|Any CPU
	EndGlobalSection
	GlobalSection(ProjectConfigurationPlatforms) = postSolution
		{F869612F-0345-4E9C-8F60-AEE13EECE4BF}.Debug|Any CPU.ActiveCfg = Debug|Any CPU
		{F869612F-0345-4E9C-8F60-AEE13EECE4BF}.Debug|Any CPU.Build.0 = Debug|Any CPU
		{F869612F-0345-4E9C-8F60-AEE13EECE4BF}.Release|Any CPU.ActiveCfg = Release|Any CPU
		{F869612F-0345-4E9C-8F60-AEE13EECE4BF}.Release|Any CPU.Build.0 = Release|Any CPU
	EndGlobalSection
	GlobalSection(SolutionProperties) = preSolution
		HideSolutionNode = FALSE
	EndGlobalSection
	GlobalSection(ExtensibilityGlobals) = postSolution
		SolutionGuid = {5E412976-DCD4-49B8-A64B-1CEB7855C66D}
	EndGlobalSection
EndGlobal
